// !$*UTF8*$!
{
	archiveVersion = 1;
	classes = {
	};
	objectVersion = 56;
	objects = {

/* Begin PBXBuildFile section */
		C999FC6A2BD0190F0037702B /* AppDelegate.swift in Sources */ = {isa = PBXBuildFile; fileRef = C999FC692BD0190F0037702B /* AppDelegate.swift */; };
		C999FC6C2BD0190F0037702B /* SceneDelegate.swift in Sources */ = {isa = PBXBuildFile; fileRef = C999FC6B2BD0190F0037702B /* SceneDelegate.swift */; };
		C999FC6E2BD0190F0037702B /* ViewController.swift in Sources */ = {isa = PBXBuildFile; fileRef = C999FC6D2BD0190F0037702B /* ViewController.swift */; };
		C999FC712BD0190F0037702B /* Base in Resources */ = {isa = PBXBuildFile; fileRef = C999FC702BD0190F0037702B /* Base */; };
		C999FC732BD019110037702B /* Assets.xcassets in Resources */ = {isa = PBXBuildFile; fileRef = C999FC722BD019110037702B /* Assets.xcassets */; };
		C999FC762BD019110037702B /* Base in Resources */ = {isa = PBXBuildFile; fileRef = C999FC752BD019110037702B /* Base */; };
		C999FC812BD019110037702B /* CollapsibleCollectionViewTests.swift in Sources */ = {isa = PBXBuildFile; fileRef = C999FC802BD019110037702B /* CollapsibleCollectionViewTests.swift */; };
		C999FC8B2BD019110037702B /* CollapsibleCollectionViewUITests.swift in Sources */ = {isa = PBXBuildFile; fileRef = C999FC8A2BD019110037702B /* CollapsibleCollectionViewUITests.swift */; };
		C999FC8D2BD019110037702B /* CollapsibleCollectionViewUITestsLaunchTests.swift in Sources */ = {isa = PBXBuildFile; fileRef = C999FC8C2BD019110037702B /* CollapsibleCollectionViewUITestsLaunchTests.swift */; };
		C999FC9A2BD01AB40037702B /* ProfileViewController.swift in Sources */ = {isa = PBXBuildFile; fileRef = C999FC992BD01AB40037702B /* ProfileViewController.swift */; };
		C999FC9C2BD01AC40037702B /* ProfileViewControllerModel.swift in Sources */ = {isa = PBXBuildFile; fileRef = C999FC9B2BD01AC40037702B /* ProfileViewControllerModel.swift */; };
/* End PBXBuildFile section */

/* Begin PBXContainerItemProxy section */
		C999FC7D2BD019110037702B /* PBXContainerItemProxy */ = {
			isa = PBXContainerItemProxy;
			containerPortal = C999FC5E2BD0190F0037702B /* Project object */;
			proxyType = 1;
			remoteGlobalIDString = C999FC652BD0190F0037702B;
			remoteInfo = CollapsibleCollectionView;
		};
		C999FC872BD019110037702B /* PBXContainerItemProxy */ = {
			isa = PBXContainerItemProxy;
			containerPortal = C999FC5E2BD0190F0037702B /* Project object */;
			proxyType = 1;
			remoteGlobalIDString = C999FC652BD0190F0037702B;
			remoteInfo = CollapsibleCollectionView;
		};
/* End PBXContainerItemProxy section */

/* Begin PBXFileReference section */
		C999FC662BD0190F0037702B /* CollapsibleCollectionView.app */ = {isa = PBXFileReference; explicitFileType = wrapper.application; includeInIndex = 0; path = CollapsibleCollectionView.app; sourceTree = BUILT_PRODUCTS_DIR; };
		C999FC692BD0190F0037702B /* AppDelegate.swift */ = {isa = PBXFileReference; lastKnownFileType = sourcecode.swift; path = AppDelegate.swift; sourceTree = "<group>"; };
		C999FC6B2BD0190F0037702B /* SceneDelegate.swift */ = {isa = PBXFileReference; lastKnownFileType = sourcecode.swift; path = SceneDelegate.swift; sourceTree = "<group>"; };
		C999FC6D2BD0190F0037702B /* ViewController.swift */ = {isa = PBXFileReference; lastKnownFileType = sourcecode.swift; path = ViewController.swift; sourceTree = "<group>"; };
		C999FC702BD0190F0037702B /* Base */ = {isa = PBXFileReference; lastKnownFileType = file.storyboard; name = Base; path = Base.lproj/Main.storyboard; sourceTree = "<group>"; };
		C999FC722BD019110037702B /* Assets.xcassets */ = {isa = PBXFileReference; lastKnownFileType = folder.assetcatalog; path = Assets.xcassets; sourceTree = "<group>"; };
		C999FC752BD019110037702B /* Base */ = {isa = PBXFileReference; lastKnownFileType = file.storyboard; name = Base; path = Base.lproj/LaunchScreen.storyboard; sourceTree = "<group>"; };
		C999FC772BD019110037702B /* Info.plist */ = {isa = PBXFileReference; lastKnownFileType = text.plist.xml; path = Info.plist; sourceTree = "<group>"; };
		C999FC7C2BD019110037702B /* CollapsibleCollectionViewTests.xctest */ = {isa = PBXFileReference; explicitFileType = wrapper.cfbundle; includeInIndex = 0; path = CollapsibleCollectionViewTests.xctest; sourceTree = BUILT_PRODUCTS_DIR; };
		C999FC802BD019110037702B /* CollapsibleCollectionViewTests.swift */ = {isa = PBXFileReference; lastKnownFileType = sourcecode.swift; path = CollapsibleCollectionViewTests.swift; sourceTree = "<group>"; };
		C999FC862BD019110037702B /* CollapsibleCollectionViewUITests.xctest */ = {isa = PBXFileReference; explicitFileType = wrapper.cfbundle; includeInIndex = 0; path = CollapsibleCollectionViewUITests.xctest; sourceTree = BUILT_PRODUCTS_DIR; };
		C999FC8A2BD019110037702B /* CollapsibleCollectionViewUITests.swift */ = {isa = PBXFileReference; lastKnownFileType = sourcecode.swift; path = CollapsibleCollectionViewUITests.swift; sourceTree = "<group>"; };
		C999FC8C2BD019110037702B /* CollapsibleCollectionViewUITestsLaunchTests.swift */ = {isa = PBXFileReference; lastKnownFileType = sourcecode.swift; path = CollapsibleCollectionViewUITestsLaunchTests.swift; sourceTree = "<group>"; };
		C999FC992BD01AB40037702B /* ProfileViewController.swift */ = {isa = PBXFileReference; lastKnownFileType = sourcecode.swift; path = ProfileViewController.swift; sourceTree = "<group>"; };
		C999FC9B2BD01AC40037702B /* ProfileViewControllerModel.swift */ = {isa = PBXFileReference; lastKnownFileType = sourcecode.swift; path = ProfileViewControllerModel.swift; sourceTree = "<group>"; };
/* End PBXFileReference section */

/* Begin PBXFrameworksBuildPhase section */
		C999FC632BD0190F0037702B /* Frameworks */ = {
			isa = PBXFrameworksBuildPhase;
			buildActionMask = 2147483647;
			files = (
			);
			runOnlyForDeploymentPostprocessing = 0;
		};
		C999FC792BD019110037702B /* Frameworks */ = {
			isa = PBXFrameworksBuildPhase;
			buildActionMask = 2147483647;
			files = (
			);
			runOnlyForDeploymentPostprocessing = 0;
		};
		C999FC832BD019110037702B /* Frameworks */ = {
			isa = PBXFrameworksBuildPhase;
			buildActionMask = 2147483647;
			files = (
			);
			runOnlyForDeploymentPostprocessing = 0;
		};
/* End PBXFrameworksBuildPhase section */

/* Begin PBXGroup section */
		C999FC5D2BD0190F0037702B = {
			isa = PBXGroup;
			children = (
				C999FC682BD0190F0037702B /* CollapsibleCollectionView */,
				C999FC7F2BD019110037702B /* CollapsibleCollectionViewTests */,
				C999FC892BD019110037702B /* CollapsibleCollectionViewUITests */,
				C999FC672BD0190F0037702B /* Products */,
			);
			sourceTree = "<group>";
		};
		C999FC672BD0190F0037702B /* Products */ = {
			isa = PBXGroup;
			children = (
				C999FC662BD0190F0037702B /* CollapsibleCollectionView.app */,
				C999FC7C2BD019110037702B /* CollapsibleCollectionViewTests.xctest */,
				C999FC862BD019110037702B /* CollapsibleCollectionViewUITests.xctest */,
			);
			name = Products;
			sourceTree = "<group>";
		};
		C999FC682BD0190F0037702B /* CollapsibleCollectionView */ = {
			isa = PBXGroup;
			children = (
				C999FC692BD0190F0037702B /* AppDelegate.swift */,
				C999FC6B2BD0190F0037702B /* SceneDelegate.swift */,
				C999FC6D2BD0190F0037702B /* ViewController.swift */,
				C999FC6F2BD0190F0037702B /* Main.storyboard */,
				C999FC722BD019110037702B /* Assets.xcassets */,
				C999FC742BD019110037702B /* LaunchScreen.storyboard */,
				C999FC772BD019110037702B /* Info.plist */,
				C999FC992BD01AB40037702B /* ProfileViewController.swift */,
				C999FC9B2BD01AC40037702B /* ProfileViewControllerModel.swift */,
			);
			path = CollapsibleCollectionView;
			sourceTree = "<group>";
		};
		C999FC7F2BD019110037702B /* CollapsibleCollectionViewTests */ = {
			isa = PBXGroup;
			children = (
				C999FC802BD019110037702B /* CollapsibleCollectionViewTests.swift */,
			);
			path = CollapsibleCollectionViewTests;
			sourceTree = "<group>";
		};
		C999FC892BD019110037702B /* CollapsibleCollectionViewUITests */ = {
			isa = PBXGroup;
			children = (
				C999FC8A2BD019110037702B /* CollapsibleCollectionViewUITests.swift */,
				C999FC8C2BD019110037702B /* CollapsibleCollectionViewUITestsLaunchTests.swift */,
			);
			path = CollapsibleCollectionViewUITests;
			sourceTree = "<group>";
		};
/* End PBXGroup section */

/* Begin PBXNativeTarget section */
		C999FC652BD0190F0037702B /* CollapsibleCollectionView */ = {
			isa = PBXNativeTarget;
			buildConfigurationList = C999FC902BD019110037702B /* Build configuration list for PBXNativeTarget "CollapsibleCollectionView" */;
			buildPhases = (
				C999FC622BD0190F0037702B /* Sources */,
				C999FC632BD0190F0037702B /* Frameworks */,
				C999FC642BD0190F0037702B /* Resources */,
			);
			buildRules = (
			);
			dependencies = (
			);
			name = CollapsibleCollectionView;
			productName = CollapsibleCollectionView;
			productReference = C999FC662BD0190F0037702B /* CollapsibleCollectionView.app */;
			productType = "com.apple.product-type.application";
		};
		C999FC7B2BD019110037702B /* CollapsibleCollectionViewTests */ = {
			isa = PBXNativeTarget;
			buildConfigurationList = C999FC932BD019110037702B /* Build configuration list for PBXNativeTarget "CollapsibleCollectionViewTests" */;
			buildPhases = (
				C999FC782BD019110037702B /* Sources */,
				C999FC792BD019110037702B /* Frameworks */,
				C999FC7A2BD019110037702B /* Resources */,
			);
			buildRules = (
			);
			dependencies = (
				C999FC7E2BD019110037702B /* PBXTargetDependency */,
			);
			name = CollapsibleCollectionViewTests;
			productName = CollapsibleCollectionViewTests;
			productReference = C999FC7C2BD019110037702B /* CollapsibleCollectionViewTests.xctest */;
			productType = "com.apple.product-type.bundle.unit-test";
		};
		C999FC852BD019110037702B /* CollapsibleCollectionViewUITests */ = {
			isa = PBXNativeTarget;
			buildConfigurationList = C999FC962BD019110037702B /* Build configuration list for PBXNativeTarget "CollapsibleCollectionViewUITests" */;
			buildPhases = (
				C999FC822BD019110037702B /* Sources */,
				C999FC832BD019110037702B /* Frameworks */,
				C999FC842BD019110037702B /* Resources */,
			);
			buildRules = (
			);
			dependencies = (
				C999FC882BD019110037702B /* PBXTargetDependency */,
			);
			name = CollapsibleCollectionViewUITests;
			productName = CollapsibleCollectionViewUITests;
			productReference = C999FC862BD019110037702B /* CollapsibleCollectionViewUITests.xctest */;
			productType = "com.apple.product-type.bundle.ui-testing";
		};
/* End PBXNativeTarget section */

/* Begin PBXProject section */
		C999FC5E2BD0190F0037702B /* Project object */ = {
			isa = PBXProject;
			attributes = {
				BuildIndependentTargetsInParallel = 1;
				LastSwiftUpdateCheck = 1530;
				LastUpgradeCheck = 1530;
				TargetAttributes = {
					C999FC652BD0190F0037702B = {
						CreatedOnToolsVersion = 15.3;
					};
					C999FC7B2BD019110037702B = {
						CreatedOnToolsVersion = 15.3;
						TestTargetID = C999FC652BD0190F0037702B;
					};
					C999FC852BD019110037702B = {
						CreatedOnToolsVersion = 15.3;
						TestTargetID = C999FC652BD0190F0037702B;
					};
				};
			};
			buildConfigurationList = C999FC612BD0190F0037702B /* Build configuration list for PBXProject "CollapsibleCollectionView" */;
			compatibilityVersion = "Xcode 14.0";
			developmentRegion = en;
			hasScannedForEncodings = 0;
			knownRegions = (
				en,
				Base,
			);
			mainGroup = C999FC5D2BD0190F0037702B;
			productRefGroup = C999FC672BD0190F0037702B /* Products */;
			projectDirPath = "";
			projectRoot = "";
			targets = (
				C999FC652BD0190F0037702B /* CollapsibleCollectionView */,
				C999FC7B2BD019110037702B /* CollapsibleCollectionViewTests */,
				C999FC852BD019110037702B /* CollapsibleCollectionViewUITests */,
			);
		};
/* End PBXProject section */

/* Begin PBXResourcesBuildPhase section */
		C999FC642BD0190F0037702B /* Resources */ = {
			isa = PBXResourcesBuildPhase;
			buildActionMask = 2147483647;
			files = (
				C999FC732BD019110037702B /* Assets.xcassets in Resources */,
				C999FC762BD019110037702B /* Base in Resources */,
				C999FC712BD0190F0037702B /* Base in Resources */,
			);
			runOnlyForDeploymentPostprocessing = 0;
		};
		C999FC7A2BD019110037702B /* Resources */ = {
			isa = PBXResourcesBuildPhase;
			buildActionMask = 2147483647;
			files = (
			);
			runOnlyForDeploymentPostprocessing = 0;
		};
		C999FC842BD019110037702B /* Resources */ = {
			isa = PBXResourcesBuildPhase;
			buildActionMask = 2147483647;
			files = (
			);
			runOnlyForDeploymentPostprocessing = 0;
		};
/* End PBXResourcesBuildPhase section */

/* Begin PBXSourcesBuildPhase section */
		C999FC622BD0190F0037702B /* Sources */ = {
			isa = PBXSourcesBuildPhase;
			buildActionMask = 2147483647;
			files = (
				C999FC6E2BD0190F0037702B /* ViewController.swift in Sources */,
				C999FC6A2BD0190F0037702B /* AppDelegate.swift in Sources */,
				C999FC9A2BD01AB40037702B /* ProfileViewController.swift in Sources */,
				C999FC9C2BD01AC40037702B /* ProfileViewControllerModel.swift in Sources */,
				C999FC6C2BD0190F0037702B /* SceneDelegate.swift in Sources */,
			);
			runOnlyForDeploymentPostprocessing = 0;
		};
		C999FC782BD019110037702B /* Sources */ = {
			isa = PBXSourcesBuildPhase;
			buildActionMask = 2147483647;
			files = (
				C999FC812BD019110037702B /* CollapsibleCollectionViewTests.swift in Sources */,
			);
			runOnlyForDeploymentPostprocessing = 0;
		};
		C999FC822BD019110037702B /* Sources */ = {
			isa = PBXSourcesBuildPhase;
			buildActionMask = 2147483647;
			files = (
				C999FC8D2BD019110037702B /* CollapsibleCollectionViewUITestsLaunchTests.swift in Sources */,
				C999FC8B2BD019110037702B /* CollapsibleCollectionViewUITests.swift in Sources */,
			);
			runOnlyForDeploymentPostprocessing = 0;
		};
/* End PBXSourcesBuildPhase section */

/* Begin PBXTargetDependency section */
		C999FC7E2BD019110037702B /* PBXTargetDependency */ = {
			isa = PBXTargetDependency;
			target = C999FC652BD0190F0037702B /* CollapsibleCollectionView */;
			targetProxy = C999FC7D2BD019110037702B /* PBXContainerItemProxy */;
		};
		C999FC882BD019110037702B /* PBXTargetDependency */ = {
			isa = PBXTargetDependency;
			target = C999FC652BD0190F0037702B /* CollapsibleCollectionView */;
			targetProxy = C999FC872BD019110037702B /* PBXContainerItemProxy */;
		};
/* End PBXTargetDependency section */

/* Begin PBXVariantGroup section */
		C999FC6F2BD0190F0037702B /* Main.storyboard */ = {
			isa = PBXVariantGroup;
			children = (
				C999FC702BD0190F0037702B /* Base */,
			);
			name = Main.storyboard;
			sourceTree = "<group>";
		};
		C999FC742BD019110037702B /* LaunchScreen.storyboard */ = {
			isa = PBXVariantGroup;
			children = (
				C999FC752BD019110037702B /* Base */,
			);
			name = LaunchScreen.storyboard;
			sourceTree = "<group>";
		};
/* End PBXVariantGroup section */

/* Begin XCBuildConfiguration section */
		C999FC8E2BD019110037702B /* Debug */ = {
			isa = XCBuildConfiguration;
			buildSettings = {
				ALWAYS_SEARCH_USER_PATHS = NO;
				ASSETCATALOG_COMPILER_GENERATE_SWIFT_ASSET_SYMBOL_EXTENSIONS = YES;
				CLANG_ANALYZER_NONNULL = YES;
				CLANG_ANALYZER_NUMBER_OBJECT_CONVERSION = YES_AGGRESSIVE;
				CLANG_CXX_LANGUAGE_STANDARD = "gnu++20";
				CLANG_ENABLE_MODULES = YES;
				CLANG_ENABLE_OBJC_ARC = YES;
				CLANG_ENABLE_OBJC_WEAK = YES;
				CLANG_WARN_BLOCK_CAPTURE_AUTORELEASING = YES;
				CLANG_WARN_BOOL_CONVERSION = YES;
				CLANG_WARN_COMMA = YES;
				CLANG_WARN_CONSTANT_CONVERSION = YES;
				CLANG_WARN_DEPRECATED_OBJC_IMPLEMENTATIONS = YES;
				CLANG_WARN_DIRECT_OBJC_ISA_USAGE = YES_ERROR;
				CLANG_WARN_DOCUMENTATION_COMMENTS = YES;
				CLANG_WARN_EMPTY_BODY = YES;
				CLANG_WARN_ENUM_CONVERSION = YES;
				CLANG_WARN_INFINITE_RECURSION = YES;
				CLANG_WARN_INT_CONVERSION = YES;
				CLANG_WARN_NON_LITERAL_NULL_CONVERSION = YES;
				CLANG_WARN_OBJC_IMPLICIT_RETAIN_SELF = YES;
				CLANG_WARN_OBJC_LITERAL_CONVERSION = YES;
				CLANG_WARN_OBJC_ROOT_CLASS = YES_ERROR;
				CLANG_WARN_QUOTED_INCLUDE_IN_FRAMEWORK_HEADER = YES;
				CLANG_WARN_RANGE_LOOP_ANALYSIS = YES;
				CLANG_WARN_STRICT_PROTOTYPES = YES;
				CLANG_WARN_SUSPICIOUS_MOVE = YES;
				CLANG_WARN_UNGUARDED_AVAILABILITY = YES_AGGRESSIVE;
				CLANG_WARN_UNREACHABLE_CODE = YES;
				CLANG_WARN__DUPLICATE_METHOD_MATCH = YES;
				COPY_PHASE_STRIP = NO;
				DEBUG_INFORMATION_FORMAT = dwarf;
				ENABLE_STRICT_OBJC_MSGSEND = YES;
				ENABLE_TESTABILITY = YES;
				ENABLE_USER_SCRIPT_SANDBOXING = YES;
				GCC_C_LANGUAGE_STANDARD = gnu17;
				GCC_DYNAMIC_NO_PIC = NO;
				GCC_NO_COMMON_BLOCKS = YES;
				GCC_OPTIMIZATION_LEVEL = 0;
				GCC_PREPROCESSOR_DEFINITIONS = (
					"DEBUG=1",
					"$(inherited)",
				);
				GCC_WARN_64_TO_32_BIT_CONVERSION = YES;
				GCC_WARN_ABOUT_RETURN_TYPE = YES_ERROR;
				GCC_WARN_UNDECLARED_SELECTOR = YES;
				GCC_WARN_UNINITIALIZED_AUTOS = YES_AGGRESSIVE;
				GCC_WARN_UNUSED_FUNCTION = YES;
				GCC_WARN_UNUSED_VARIABLE = YES;
				IPHONEOS_DEPLOYMENT_TARGET = 17.4;
				LOCALIZATION_PREFERS_STRING_CATALOGS = YES;
				MTL_ENABLE_DEBUG_INFO = INCLUDE_SOURCE;
				MTL_FAST_MATH = YES;
				ONLY_ACTIVE_ARCH = YES;
				SDKROOT = iphoneos;
				SWIFT_ACTIVE_COMPILATION_CONDITIONS = "DEBUG $(inherited)";
				SWIFT_OPTIMIZATION_LEVEL = "-Onone";
			};
			name = Debug;
		};
		C999FC8F2BD019110037702B /* Release */ = {
			isa = XCBuildConfiguration;
			buildSettings = {
				ALWAYS_SEARCH_USER_PATHS = NO;
				ASSETCATALOG_COMPILER_GENERATE_SWIFT_ASSET_SYMBOL_EXTENSIONS = YES;
				CLANG_ANALYZER_NONNULL = YES;
				CLANG_ANALYZER_NUMBER_OBJECT_CONVERSION = YES_AGGRESSIVE;
				CLANG_CXX_LANGUAGE_STANDARD = "gnu++20";
				CLANG_ENABLE_MODULES = YES;
				CLANG_ENABLE_OBJC_ARC = YES;
				CLANG_ENABLE_OBJC_WEAK = YES;
				CLANG_WARN_BLOCK_CAPTURE_AUTORELEASING = YES;
				CLANG_WARN_BOOL_CONVERSION = YES;
				CLANG_WARN_COMMA = YES;
				CLANG_WARN_CONSTANT_CONVERSION = YES;
				CLANG_WARN_DEPRECATED_OBJC_IMPLEMENTATIONS = YES;
				CLANG_WARN_DIRECT_OBJC_ISA_USAGE = YES_ERROR;
				CLANG_WARN_DOCUMENTATION_COMMENTS = YES;
				CLANG_WARN_EMPTY_BODY = YES;
				CLANG_WARN_ENUM_CONVERSION = YES;
				CLANG_WARN_INFINITE_RECURSION = YES;
				CLANG_WARN_INT_CONVERSION = YES;
				CLANG_WARN_NON_LITERAL_NULL_CONVERSION = YES;
				CLANG_WARN_OBJC_IMPLICIT_RETAIN_SELF = YES;
				CLANG_WARN_OBJC_LITERAL_CONVERSION = YES;
				CLANG_WARN_OBJC_ROOT_CLASS = YES_ERROR;
				CLANG_WARN_QUOTED_INCLUDE_IN_FRAMEWORK_HEADER = YES;
				CLANG_WARN_RANGE_LOOP_ANALYSIS = YES;
				CLANG_WARN_STRICT_PROTOTYPES = YES;
				CLANG_WARN_SUSPICIOUS_MOVE = YES;
				CLANG_WARN_UNGUARDED_AVAILABILITY = YES_AGGRESSIVE;
				CLANG_WARN_UNREACHABLE_CODE = YES;
				CLANG_WARN__DUPLICATE_METHOD_MATCH = YES;
				COPY_PHASE_STRIP = NO;
				DEBUG_INFORMATION_FORMAT = "dwarf-with-dsym";
				ENABLE_NS_ASSERTIONS = NO;
				ENABLE_STRICT_OBJC_MSGSEND = YES;
				ENABLE_USER_SCRIPT_SANDBOXING = YES;
				GCC_C_LANGUAGE_STANDARD = gnu17;
				GCC_NO_COMMON_BLOCKS = YES;
				GCC_WARN_64_TO_32_BIT_CONVERSION = YES;
				GCC_WARN_ABOUT_RETURN_TYPE = YES_ERROR;
				GCC_WARN_UNDECLARED_SELECTOR = YES;
				GCC_WARN_UNINITIALIZED_AUTOS = YES_AGGRESSIVE;
				GCC_WARN_UNUSED_FUNCTION = YES;
				GCC_WARN_UNUSED_VARIABLE = YES;
				IPHONEOS_DEPLOYMENT_TARGET = 17.4;
				LOCALIZATION_PREFERS_STRING_CATALOGS = YES;
				MTL_ENABLE_DEBUG_INFO = NO;
				MTL_FAST_MATH = YES;
				SDKROOT = iphoneos;
				SWIFT_COMPILATION_MODE = wholemodule;
				VALIDATE_PRODUCT = YES;
			};
			name = Release;
		};
		C999FC912BD019110037702B /* Debug */ = {
			isa = XCBuildConfiguration;
			buildSettings = {
				ASSETCATALOG_COMPILER_APPICON_NAME = AppIcon;
				ASSETCATALOG_COMPILER_GLOBAL_ACCENT_COLOR_NAME = AccentColor;
				CODE_SIGN_STYLE = Automatic;
				CURRENT_PROJECT_VERSION = 1;
				GENERATE_INFOPLIST_FILE = YES;
				INFOPLIST_FILE = CollapsibleCollectionView/Info.plist;
				INFOPLIST_KEY_UIApplicationSupportsIndirectInputEvents = YES;
				INFOPLIST_KEY_UILaunchStoryboardName = LaunchScreen;
				INFOPLIST_KEY_UIMainStoryboardFile = Main;
				INFOPLIST_KEY_UISupportedInterfaceOrientations_iPad = "UIInterfaceOrientationPortrait UIInterfaceOrientationPortraitUpsideDown UIInterfaceOrientationLandscapeLeft UIInterfaceOrientationLandscapeRight";
				INFOPLIST_KEY_UISupportedInterfaceOrientations_iPhone = "UIInterfaceOrientationPortrait UIInterfaceOrientationLandscapeLeft UIInterfaceOrientationLandscapeRight";
				LD_RUNPATH_SEARCH_PATHS = (
					"$(inherited)",
					"@executable_path/Frameworks",
				);
				MARKETING_VERSION = 1.0;
				PRODUCT_BUNDLE_IDENTIFIER = com.test.CollapsibleCollectionView;
				PRODUCT_NAME = "$(TARGET_NAME)";
				SWIFT_EMIT_LOC_STRINGS = YES;
				SWIFT_VERSION = 5.0;
				TARGETED_DEVICE_FAMILY = "1,2";
			};
			name = Debug;
		};
		C999FC922BD019110037702B /* Release */ = {
			isa = XCBuildConfiguration;
			buildSettings = {
				ASSETCATALOG_COMPILER_APPICON_NAME = AppIcon;
				ASSETCATALOG_COMPILER_GLOBAL_ACCENT_COLOR_NAME = AccentColor;
				CODE_SIGN_STYLE = Automatic;
				CURRENT_PROJECT_VERSION = 1;
				GENERATE_INFOPLIST_FILE = YES;
				INFOPLIST_FILE = CollapsibleCollectionView/Info.plist;
				INFOPLIST_KEY_UIApplicationSupportsIndirectInputEvents = YES;
				INFOPLIST_KEY_UILaunchStoryboardName = LaunchScreen;
				INFOPLIST_KEY_UIMainStoryboardFile = Main;
				INFOPLIST_KEY_UISupportedInterfaceOrientations_iPad = "UIInterfaceOrientationPortrait UIInterfaceOrientationPortraitUpsideDown UIInterfaceOrientationLandscapeLeft UIInterfaceOrientationLandscapeRight";
				INFOPLIST_KEY_UISupportedInterfaceOrientations_iPhone = "UIInterfaceOrientationPortrait UIInterfaceOrientationLandscapeLeft UIInterfaceOrientationLandscapeRight";
				LD_RUNPATH_SEARCH_PATHS = (
					"$(inherited)",
					"@executable_path/Frameworks",
				);
				MARKETING_VERSION = 1.0;
				PRODUCT_BUNDLE_IDENTIFIER = com.test.CollapsibleCollectionView;
				PRODUCT_NAME = "$(TARGET_NAME)";
				SWIFT_EMIT_LOC_STRINGS = YES;
				SWIFT_VERSION = 5.0;
				TARGETED_DEVICE_FAMILY = "1,2";
			};
			name = Release;
		};
		C999FC942BD019110037702B /* Debug */ = {
			isa = XCBuildConfiguration;
			buildSettings = {
				ALWAYS_EMBED_SWIFT_STANDARD_LIBRARIES = YES;
				BUNDLE_LOADER = "$(TEST_HOST)";
				CODE_SIGN_STYLE = Automatic;
				CURRENT_PROJECT_VERSION = 1;
				GENERATE_INFOPLIST_FILE = YES;
				IPHONEOS_DEPLOYMENT_TARGET = 17.4;
				MARKETING_VERSION = 1.0;
				PRODUCT_BUNDLE_IDENTIFIER = com.test.CollapsibleCollectionViewTests;
				PRODUCT_NAME = "$(TARGET_NAME)";
				SWIFT_EMIT_LOC_STRINGS = NO;
				SWIFT_VERSION = 5.0;
				TARGETED_DEVICE_FAMILY = "1,2";
				TEST_HOST = "$(BUILT_PRODUCTS_DIR)/CollapsibleCollectionView.app/$(BUNDLE_EXECUTABLE_FOLDER_PATH)/CollapsibleCollectionView";
			};
			name = Debug;
		};
		C999FC952BD019110037702B /* Release */ = {
			isa = XCBuildConfiguration;
			buildSettings = {
				ALWAYS_EMBED_SWIFT_STANDARD_LIBRARIES = YES;
				BUNDLE_LOADER = "$(TEST_HOST)";
				CODE_SIGN_STYLE = Automatic;
				CURRENT_PROJECT_VERSION = 1;
				GENERATE_INFOPLIST_FILE = YES;
				IPHONEOS_DEPLOYMENT_TARGET = 17.4;
				MARKETING_VERSION = 1.0;
				PRODUCT_BUNDLE_IDENTIFIER = com.test.CollapsibleCollectionViewTests;
				PRODUCT_NAME = "$(TARGET_NAME)";
				SWIFT_EMIT_LOC_STRINGS = NO;
				SWIFT_VERSION = 5.0;
				TARGETED_DEVICE_FAMILY = "1,2";
				TEST_HOST = "$(BUILT_PRODUCTS_DIR)/CollapsibleCollectionView.app/$(BUNDLE_EXECUTABLE_FOLDER_PATH)/CollapsibleCollectionView";
			};
			name = Release;
		};
		C999FC972BD019110037702B /* Debug */ = {
			isa = XCBuildConfiguration;
			buildSettings = {
				ALWAYS_EMBED_SWIFT_STANDARD_LIBRARIES = YES;
				CODE_SIGN_STYLE = Automatic;
				CURRENT_PROJECT_VERSION = 1;
				GENERATE_INFOPLIST_FILE = YES;
				MARKETING_VERSION = 1.0;
				PRODUCT_BUNDLE_IDENTIFIER = com.test.CollapsibleCollectionViewUITests;
				PRODUCT_NAME = "$(TARGET_NAME)";
				SWIFT_EMIT_LOC_STRINGS = NO;
				SWIFT_VERSION = 5.0;
				TARGETED_DEVICE_FAMILY = "1,2";
				TEST_TARGET_NAME = CollapsibleCollectionView;
			};
			name = Debug;
		};
		C999FC982BD019110037702B /* Release */ = {
			isa = XCBuildConfiguration;
			buildSettings = {
				ALWAYS_EMBED_SWIFT_STANDARD_LIBRARIES = YES;
				CODE_SIGN_STYLE = Automatic;
				CURRENT_PROJECT_VERSION = 1;
				GENERATE_INFOPLIST_FILE = YES;
				MARKETING_VERSION = 1.0;
				PRODUCT_BUNDLE_IDENTIFIER = com.test.CollapsibleCollectionViewUITests;
				PRODUCT_NAME = "$(TARGET_NAME)";
				SWIFT_EMIT_LOC_STRINGS = NO;
				SWIFT_VERSION = 5.0;
				TARGETED_DEVICE_FAMILY = "1,2";
				TEST_TARGET_NAME = CollapsibleCollectionView;
			};
			name = Release;
		};
/* End XCBuildConfiguration section */

/* Begin XCConfigurationList section */
		C999FC612BD0190F0037702B /* Build configuration list for PBXProject "CollapsibleCollectionView" */ = {
			isa = XCConfigurationList;
			buildConfigurations = (
				C999FC8E2BD019110037702B /* Debug */,
				C999FC8F2BD019110037702B /* Release */,
			);
			defaultConfigurationIsVisible = 0;
			defaultConfigurationName = Release;
		};
		C999FC902BD019110037702B /* Build configuration list for PBXNativeTarget "CollapsibleCollectionView" */ = {
			isa = XCConfigurationList;
			buildConfigurations = (
				C999FC912BD019110037702B /* Debug */,
				C999FC922BD019110037702B /* Release */,
			);
			defaultConfigurationIsVisible = 0;
			defaultConfigurationName = Release;
		};
		C999FC932BD019110037702B /* Build configuration list for PBXNativeTarget "CollapsibleCollectionViewTests" */ = {
			isa = XCConfigurationList;
			buildConfigurations = (
				C999FC942BD019110037702B /* Debug */,
				C999FC952BD019110037702B /* Release */,
			);
			defaultConfigurationIsVisible = 0;
			defaultConfigurationName = Release;
		};
		C999FC962BD019110037702B /* Build configuration list for PBXNativeTarget "CollapsibleCollectionViewUITests" */ = {
			isa = XCConfigurationList;
			buildConfigurations = (
				C999FC972BD019110037702B /* Debug */,
				C999FC982BD019110037702B /* Release */,
			);
			defaultConfigurationIsVisible = 0;
			defaultConfigurationName = Release;
		};
/* End XCConfigurationList section */
	};
	rootObject = C999FC5E2BD0190F0037702B /* Project object */;
}
